{
    "name": "owdex",
    "lockfileVersion": 2,
    "requires": true,
    "packages": {
        "": {
            "devDependencies": {
                "prettier": "2.8.7",
                "prettier-plugin-jinja-template": "0.2.0"
            }
        },
        "node_modules/prettier": {
            "version": "2.8.7",
            "resolved": "https://registry.npmjs.org/prettier/-/prettier-2.8.7.tgz",
            "integrity": "sha512-yPngTo3aXUUmyuTjeTUT75txrf+aMh9FiD7q9ZE/i6r0bPb22g4FsE6Y338PQX1bmfy08i9QQCB7/rcUAVntfw==",
            "dev": true,
            "bin": {
                "prettier": "bin-prettier.js"
            },
            "engines": {
                "node": ">=10.13.0"
            },
            "funding": {
                "url": "https://github.com/prettier/prettier?sponsor=1"
            }
        },
        "node_modules/prettier-plugin-jinja-template": {
            "version": "0.2.0",
            "resolved": "https://registry.npmjs.org/prettier-plugin-jinja-template/-/prettier-plugin-jinja-template-0.2.0.tgz",
            "integrity": "sha512-dlgmYv3nL5BUulk3wnwHsZ/NO43mArLfEj4+6Aip7VOqMg/hOeNFbpyxmcG7cO62eQEJgsD6a+BVh/6rza7q3g==",
            "dev": true,
            "peerDependencies": {
                "prettier": "^2.0.0"
            }
        }
    },
    "dependencies": {
        "prettier": {
            "version": "2.8.7",
            "resolved": "https://registry.npmjs.org/prettier/-/prettier-2.8.7.tgz",
            "integrity": "sha512-yPngTo3aXUUmyuTjeTUT75txrf+aMh9FiD7q9ZE/i6r0bPb22g4FsE6Y338PQX1bmfy08i9QQCB7/rcUAVntfw==",
            "dev": true
        },
        "prettier-plugin-jinja-template": {
            "version": "0.2.0",
            "resolved": "https://registry.npmjs.org/prettier-plugin-jinja-template/-/prettier-plugin-jinja-template-0.2.0.tgz",
            "integrity": "sha512-dlgmYv3nL5BUulk3wnwHsZ/NO43mArLfEj4+6Aip7VOqMg/hOeNFbpyxmcG7cO62eQEJgsD6a+BVh/6rza7q3g==",
            "dev": true,
            "requires": {}
        }
    }
}
